
Microsoft Visual Studio Solution File, Format Version 12.00
# Visual Studio Version 17
VisualStudioVersion = 17.13.35919.96 d17.13
MinimumVisualStudioVersion = 10.0.40219.1
Project("{FAE04EC0-301F-11D3-BF4B-00C04F79EFBC}") = "CatFacts", "CatFacts\CatFacts.csproj", "{343DA72E-E596-4757-B3C2-75E00C7BABD6}"
EndProject
Global
	GlobalSection(SolutionConfigurationPlatforms) = preSolution
		Debug|Any CPU = Debug|Any CPU
		Release|Any CPU = Release|Any CPU
	EndGlobalSection
	GlobalSection(ProjectConfigurationPlatforms) = postSolution
		{343DA72E-E596-4757-B3C2-75E00C7BABD6}.Debug|Any CPU.ActiveCfg = Debug|Any CPU
		{343DA72E-E596-4757-B3C2-75E00C7BABD6}.Debug|Any CPU.Build.0 = Debug|Any CPU
		{343DA72E-E596-4757-B3C2-75E00C7BABD6}.Debug|Any CPU.Deploy.0 = Debug|Any CPU
		{343DA72E-E596-4757-B3C2-75E00C7BABD6}.Release|Any CPU.ActiveCfg = Release|Any CPU
		{343DA72E-E596-4757-B3C2-75E00C7BABD6}.Release|Any CPU.Build.0 = Release|Any CPU
		{343DA72E-E596-4757-B3C2-75E00C7BABD6}.Release|Any CPU.Deploy.0 = Release|Any CPU
	EndGlobalSection
	GlobalSection(SolutionProperties) = preSolution
		HideSolutionNode = FALSE
	EndGlobalSection
	GlobalSection(ExtensibilityGlobals) = postSolution
		SolutionGuid = {A4EC2601-C69F-4265-B92A-2894107D9232}
	EndGlobalSection
EndGlobal
